// !$*UTF8*$!
{
	archiveVersion = 1;
	classes = {
	};
	objectVersion = 50;
	objects = {

/* Begin PBXBuildFile section */
		AF11323A238F67E800A203D9 /* AppDelegate.swift in Sources */ = {isa = PBXBuildFile; fileRef = AF113239238F67E800A203D9 /* AppDelegate.swift */; };
		AF11323C238F67E800A203D9 /* SceneDelegate.swift in Sources */ = {isa = PBXBuildFile; fileRef = AF11323B238F67E800A203D9 /* SceneDelegate.swift */; };
		AF11323E238F67E800A203D9 /* ContentView.swift in Sources */ = {isa = PBXBuildFile; fileRef = AF11323D238F67E800A203D9 /* ContentView.swift */; };
		AF113240238F67EB00A203D9 /* Assets.xcassets in Resources */ = {isa = PBXBuildFile; fileRef = AF11323F238F67EB00A203D9 /* Assets.xcassets */; };
		AF113243238F67EB00A203D9 /* Preview Assets.xcassets in Resources */ = {isa = PBXBuildFile; fileRef = AF113242238F67EB00A203D9 /* Preview Assets.xcassets */; };
		AF113246238F67EB00A203D9 /* LaunchScreen.storyboard in Resources */ = {isa = PBXBuildFile; fileRef = AF113244238F67EB00A203D9 /* LaunchScreen.storyboard */; };
/* End PBXBuildFile section */

/* Begin PBXFileReference section */
		AF113236238F67E800A203D9 /* ImageObservable.app */ = {isa = PBXFileReference; explicitFileType = wrapper.application; includeInIndex = 0; path = ImageObservable.app; sourceTree = BUILT_PRODUCTS_DIR; };
		AF113239238F67E800A203D9 /* AppDelegate.swift */ = {isa = PBXFileReference; lastKnownFileType = sourcecode.swift; path = AppDelegate.swift; sourceTree = "<group>"; };
		AF11323B238F67E800A203D9 /* SceneDelegate.swift */ = {isa = PBXFileReference; lastKnownFileType = sourcecode.swift; path = SceneDelegate.swift; sourceTree = "<group>"; };
		AF11323D238F67E800A203D9 /* ContentView.swift */ = {isa = PBXFileReference; lastKnownFileType = sourcecode.swift; path = ContentView.swift; sourceTree = "<group>"; };
		AF11323F238F67EB00A203D9 /* Assets.xcassets */ = {isa = PBXFileReference; lastKnownFileType = folder.assetcatalog; path = Assets.xcassets; sourceTree = "<group>"; };
		AF113242238F67EB00A203D9 /* Preview Assets.xcassets */ = {isa = PBXFileReference; lastKnownFileType = folder.assetcatalog; path = "Preview Assets.xcassets"; sourceTree = "<group>"; };
		AF113245238F67EB00A203D9 /* Base */ = {isa = PBXFileReference; lastKnownFileType = file.storyboard; name = Base; path = Base.lproj/LaunchScreen.storyboard; sourceTree = "<group>"; };
		AF113247238F67EB00A203D9 /* Info.plist */ = {isa = PBXFileReference; lastKnownFileType = text.plist.xml; path = Info.plist; sourceTree = "<group>"; };
/* End PBXFileReference section */

/* Begin PBXFrameworksBuildPhase section */
		AF113233238F67E800A203D9 /* Frameworks */ = {
			isa = PBXFrameworksBuildPhase;
			buildActionMask = 2147483647;
			files = (
			);
			runOnlyForDeploymentPostprocessing = 0;
		};
/* End PBXFrameworksBuildPhase section */

/* Begin PBXGroup section */
		AF11322D238F67E800A203D9 = {
			isa = PBXGroup;
			children = (
				AF113238238F67E800A203D9 /* ImageObservable */,
				AF113237238F67E800A203D9 /* Products */,
			);
			sourceTree = "<group>";
		};
		AF113237238F67E800A203D9 /* Products */ = {
			isa = PBXGroup;
			children = (
				AF113236238F67E800A203D9 /* ImageObservable.app */,
			);
			name = Products;
			sourceTree = "<group>";
		};
		AF113238238F67E800A203D9 /* ImageObservable */ = {
			isa = PBXGroup;
			children = (
				AF113239238F67E800A203D9 /* AppDelegate.swift */,
				AF11323B238F67E800A203D9 /* SceneDelegate.swift */,
				AF11323D238F67E800A203D9 /* ContentView.swift */,
				AF11323F238F67EB00A203D9 /* Assets.xcassets */,
				AF113244238F67EB00A203D9 /* LaunchScreen.storyboard */,
				AF113247238F67EB00A203D9 /* Info.plist */,
				AF113241238F67EB00A203D9 /* Preview Content */,
			);
			path = ImageObservable;
			sourceTree = "<group>";
		};
		AF113241238F67EB00A203D9 /* Preview Content */ = {
			isa = PBXGroup;
			children = (
				AF113242238F67EB00A203D9 /* Preview Assets.xcassets */,
			);
			path = "Preview Content";
			sourceTree = "<group>";
		};
/* End PBXGroup section */

/* Begin PBXNativeTarget section */
		AF113235238F67E800A203D9 /* ImageObservable */ = {
			isa = PBXNativeTarget;
			buildConfigurationList = AF11324A238F67EB00A203D9 /* Build configuration list for PBXNativeTarget "ImageObservable" */;
			buildPhases = (
				AF113232238F67E800A203D9 /* Sources */,
				AF113233238F67E800A203D9 /* Frameworks */,
				AF113234238F67E800A203D9 /* Resources */,
			);
			buildRules = (
			);
			dependencies = (
			);
			name = ImageObservable;
			productName = ImageObservable;
			productReference = AF113236238F67E800A203D9 /* ImageObservable.app */;
			productType = "com.apple.product-type.application";
		};
/* End PBXNativeTarget section */

/* Begin PBXProject section */
		AF11322E238F67E800A203D9 /* Project object */ = {
			isa = PBXProject;
			attributes = {
				LastSwiftUpdateCheck = 1120;
				LastUpgradeCheck = 1120;
				ORGANIZATIONNAME = "Mufakkharul Islam Nayem";
				TargetAttributes = {
					AF113235238F67E800A203D9 = {
						CreatedOnToolsVersion = 11.2.1;
					};
				};
			};
			buildConfigurationList = AF113231238F67E800A203D9 /* Build configuration list for PBXProject "ImageObservable" */;
			compatibilityVersion = "Xcode 9.3";
			developmentRegion = en;
			hasScannedForEncodings = 0;
			knownRegions = (
				en,
				Base,
			);
			mainGroup = AF11322D238F67E800A203D9;
			productRefGroup = AF113237238F67E800A203D9 /* Products */;
			projectDirPath = "";
			projectRoot = "";
			targets = (
				AF113235238F67E800A203D9 /* ImageObservable */,
			);
		};
/* End PBXProject section */

/* Begin PBXResourcesBuildPhase section */
		AF113234238F67E800A203D9 /* Resources */ = {
			isa = PBXResourcesBuildPhase;
			buildActionMask = 2147483647;
			files = (
				AF113246238F67EB00A203D9 /* LaunchScreen.storyboard in Resources */,
				AF113243238F67EB00A203D9 /* Preview Assets.xcassets in Resources */,
				AF113240238F67EB00A203D9 /* Assets.xcassets in Resources */,
			);
			runOnlyForDeploymentPostprocessing = 0;
		};
/* End PBXResourcesBuildPhase section */

/* Begin PBXSourcesBuildPhase section */
		AF113232238F67E800A203D9 /* Sources */ = {
			isa = PBXSourcesBuildPhase;
			buildActionMask = 2147483647;
			files = (
				AF11323A238F67E800A203D9 /* AppDelegate.swift in Sources */,
				AF11323C238F67E800A203D9 /* SceneDelegate.swift in Sources */,
				AF11323E238F67E800A203D9 /* ContentView.swift in Sources */,
			);
			runOnlyForDeploymentPostprocessing = 0;
		};
/* End PBXSourcesBuildPhase section */

/* Begin PBXVariantGroup section */
		AF113244238F67EB00A203D9 /* LaunchScreen.storyboard */ = {
			isa = PBXVariantGroup;
			children = (
				AF113245238F67EB00A203D9 /* Base */,
			);
			name = LaunchScreen.storyboard;
			sourceTree = "<group>";
		};
/* End PBXVariantGroup section */

/* Begin XCBuildConfiguration section */
		AF113248238F67EB00A203D9 /* Debug */ = {
			isa = XCBuildConfiguration;
			buildSettings = {
				ALWAYS_SEARCH_USER_PATHS = NO;
				CLANG_ANALYZER_NONNULL = YES;
				CLANG_ANALYZER_NUMBER_OBJECT_CONVERSION = YES_AGGRESSIVE;
				CLANG_CXX_LANGUAGE_STANDARD = "gnu++14";
				CLANG_CXX_LIBRARY = "libc++";
				CLANG_ENABLE_MODULES = YES;
				CLANG_ENABLE_OBJC_ARC = YES;
				CLANG_ENABLE_OBJC_WEAK = YES;
				CLANG_WARN_BLOCK_CAPTURE_AUTORELEASING = YES;
				CLANG_WARN_BOOL_CONVERSION = YES;
				CLANG_WARN_COMMA = YES;
				CLANG_WARN_CONSTANT_CONVERSION = YES;
				CLANG_WARN_DEPRECATED_OBJC_IMPLEMENTATIONS = YES;
				CLANG_WARN_DIRECT_OBJC_ISA_USAGE = YES_ERROR;
				CLANG_WARN_DOCUMENTATION_COMMENTS = YES;
				CLANG_WARN_EMPTY_BODY = YES;
				CLANG_WARN_ENUM_CONVERSION = YES;
				CLANG_WARN_INFINITE_RECURSION = YES;
				CLANG_WARN_INT_CONVERSION = YES;
				CLANG_WARN_NON_LITERAL_NULL_CONVERSION = YES;
				CLANG_WARN_OBJC_IMPLICIT_RETAIN_SELF = YES;
				CLANG_WARN_OBJC_LITERAL_CONVERSION = YES;
				CLANG_WARN_OBJC_ROOT_CLASS = YES_ERROR;
				CLANG_WARN_RANGE_LOOP_ANALYSIS = YES;
				CLANG_WARN_STRICT_PROTOTYPES = YES;
				CLANG_WARN_SUSPICIOUS_MOVE = YES;
				CLANG_WARN_UNGUARDED_AVAILABILITY = YES_AGGRESSIVE;
				CLANG_WARN_UNREACHABLE_CODE = YES;
				CLANG_WARN__DUPLICATE_METHOD_MATCH = YES;
				COPY_PHASE_STRIP = NO;
				DEBUG_INFORMATION_FORMAT = dwarf;
				ENABLE_STRICT_OBJC_MSGSEND = YES;
				ENABLE_TESTABILITY = YES;
				GCC_C_LANGUAGE_STANDARD = gnu11;
				GCC_DYNAMIC_NO_PIC = NO;
				GCC_NO_COMMON_BLOCKS = YES;
				GCC_OPTIMIZATION_LEVEL = 0;
				GCC_PREPROCESSOR_DEFINITIONS = (
					"DEBUG=1",
					"$(inherited)",
				);
				GCC_WARN_64_TO_32_BIT_CONVERSION = YES;
				GCC_WARN_ABOUT_RETURN_TYPE = YES_ERROR;
				GCC_WARN_UNDECLARED_SELECTOR = YES;
				GCC_WARN_UNINITIALIZED_AUTOS = YES_AGGRESSIVE;
				GCC_WARN_UNUSED_FUNCTION = YES;
				GCC_WARN_UNUSED_VARIABLE = YES;
				IPHONEOS_DEPLOYMENT_TARGET = 13.2;
				MTL_ENABLE_DEBUG_INFO = INCLUDE_SOURCE;
				MTL_FAST_MATH = YES;
				ONLY_ACTIVE_ARCH = YES;
				SDKROOT = iphoneos;
				SWIFT_ACTIVE_COMPILATION_CONDITIONS = DEBUG;
				SWIFT_OPTIMIZATION_LEVEL = "-Onone";
			};
			name = Debug;
		};
		AF113249238F67EB00A203D9 /* Release */ = {
			isa = XCBuildConfiguration;
			buildSettings = {
				ALWAYS_SEARCH_USER_PATHS = NO;
				CLANG_ANALYZER_NONNULL = YES;
				CLANG_ANALYZER_NUMBER_OBJECT_CONVERSION = YES_AGGRESSIVE;
				CLANG_CXX_LANGUAGE_STANDARD = "gnu++14";
				CLANG_CXX_LIBRARY = "libc++";
				CLANG_ENABLE_MODULES = YES;
				CLANG_ENABLE_OBJC_ARC = YES;
				CLANG_ENABLE_OBJC_WEAK = YES;
				CLANG_WARN_BLOCK_CAPTURE_AUTORELEASING = YES;
				CLANG_WARN_BOOL_CONVERSION = YES;
				CLANG_WARN_COMMA = YES;
				CLANG_WARN_CONSTANT_CONVERSION = YES;
				CLANG_WARN_DEPRECATED_OBJC_IMPLEMENTATIONS = YES;
				CLANG_WARN_DIRECT_OBJC_ISA_USAGE = YES_ERROR;
				CLANG_WARN_DOCUMENTATION_COMMENTS = YES;
				CLANG_WARN_EMPTY_BODY = YES;
				CLANG_WARN_ENUM_CONVERSION = YES;
				CLANG_WARN_INFINITE_RECURSION = YES;
				CLANG_WARN_INT_CONVERSION = YES;
				CLANG_WARN_NON_LITERAL_NULL_CONVERSION = YES;
				CLANG_WARN_OBJC_IMPLICIT_RETAIN_SELF = YES;
				CLANG_WARN_OBJC_LITERAL_CONVERSION = YES;
				CLANG_WARN_OBJC_ROOT_CLASS = YES_ERROR;
				CLANG_WARN_RANGE_LOOP_ANALYSIS = YES;
				CLANG_WARN_STRICT_PROTOTYPES = YES;
				CLANG_WARN_SUSPICIOUS_MOVE = YES;
				CLANG_WARN_UNGUARDED_AVAILABILITY = YES_AGGRESSIVE;
				CLANG_WARN_UNREACHABLE_CODE = YES;
				CLANG_WARN__DUPLICATE_METHOD_MATCH = YES;
				COPY_PHASE_STRIP = NO;
				DEBUG_INFORMATION_FORMAT = "dwarf-with-dsym";
				ENABLE_NS_ASSERTIONS = NO;
				ENABLE_STRICT_OBJC_MSGSEND = YES;
				GCC_C_LANGUAGE_STANDARD = gnu11;
				GCC_NO_COMMON_BLOCKS = YES;
				GCC_WARN_64_TO_32_BIT_CONVERSION = YES;
				GCC_WARN_ABOUT_RETURN_TYPE = YES_ERROR;
				GCC_WARN_UNDECLARED_SELECTOR = YES;
				GCC_WARN_UNINITIALIZED_AUTOS = YES_AGGRESSIVE;
				GCC_WARN_UNUSED_FUNCTION = YES;
				GCC_WARN_UNUSED_VARIABLE = YES;
				IPHONEOS_DEPLOYMENT_TARGET = 13.2;
				MTL_ENABLE_DEBUG_INFO = NO;
				MTL_FAST_MATH = YES;
				SDKROOT = iphoneos;
				SWIFT_COMPILATION_MODE = wholemodule;
				SWIFT_OPTIMIZATION_LEVEL = "-O";
				VALIDATE_PRODUCT = YES;
			};
			name = Release;
		};
		AF11324B238F67EB00A203D9 /* Debug */ = {
			isa = XCBuildConfiguration;
			buildSettings = {
				ASSETCATALOG_COMPILER_APPICON_NAME = AppIcon;
				CODE_SIGN_STYLE = Automatic;
				DEVELOPMENT_ASSET_PATHS = "\"ImageObservable/Preview Content\"";
				DEVELOPMENT_TEAM = P9N6Y48D77;
				ENABLE_PREVIEWS = YES;
				INFOPLIST_FILE = ImageObservable/Info.plist;
				LD_RUNPATH_SEARCH_PATHS = (
					"$(inherited)",
					"@executable_path/Frameworks",
				);
				PRODUCT_BUNDLE_IDENTIFIER = com.nayem.ImageObservable;
				PRODUCT_NAME = "$(TARGET_NAME)";
				SWIFT_VERSION = 5.0;
				TARGETED_DEVICE_FAMILY = "1,2";
			};
			name = Debug;
		};
		AF11324C238F67EB00A203D9 /* Release */ = {
			isa = XCBuildConfiguration;
			buildSettings = {
				ASSETCATALOG_COMPILER_APPICON_NAME = AppIcon;
				CODE_SIGN_STYLE = Automatic;
				DEVELOPMENT_ASSET_PATHS = "\"ImageObservable/Preview Content\"";
				DEVELOPMENT_TEAM = P9N6Y48D77;
				ENABLE_PREVIEWS = YES;
				INFOPLIST_FILE = ImageObservable/Info.plist;
				LD_RUNPATH_SEARCH_PATHS = (
					"$(inherited)",
					"@executable_path/Frameworks",
				);
				PRODUCT_BUNDLE_IDENTIFIER = com.nayem.ImageObservable;
				PRODUCT_NAME = "$(TARGET_NAME)";
				SWIFT_VERSION = 5.0;
				TARGETED_DEVICE_FAMILY = "1,2";
			};
			name = Release;
		};
/* End XCBuildConfiguration section */

/* Begin XCConfigurationList section */
		AF113231238F67E800A203D9 /* Build configuration list for PBXProject "ImageObservable" */ = {
			isa = XCConfigurationList;
			buildConfigurations = (
				AF113248238F67EB00A203D9 /* Debug */,
				AF113249238F67EB00A203D9 /* Release */,
			);
			defaultConfigurationIsVisible = 0;
			defaultConfigurationName = Release;
		};
		AF11324A238F67EB00A203D9 /* Build configuration list for PBXNativeTarget "ImageObservable" */ = {
			isa = XCConfigurationList;
			buildConfigurations = (
				AF11324B238F67EB00A203D9 /* Debug */,
				AF11324C238F67EB00A203D9 /* Release */,
			);
			defaultConfigurationIsVisible = 0;
			defaultConfigurationName = Release;
		};
/* End XCConfigurationList section */
	};
	rootObject = AF11322E238F67E800A203D9 /* Project object */;
}
